
Microsoft Visual Studio Solution File, Format Version 12.00
# Visual Studio Version 17
VisualStudioVersion = 17.2.32616.157
MinimumVisualStudioVersion = 10.0.40219.1
Project("{FAE04EC0-301F-11D3-BF4B-00C04F79EFBC}") = "C2_Ej_4", "C2_Ej_4\C2_Ej_4.csproj", "{EDC47C3C-A8BC-4850-A4A0-A0141545BD97}"
EndProject
Global
	GlobalSection(SolutionConfigurationPlatforms) = preSolution
		Debug|Any CPU = Debug|Any CPU
		Release|Any CPU = Release|Any CPU
	EndGlobalSection
	GlobalSection(ProjectConfigurationPlatforms) = postSolution
		{EDC47C3C-A8BC-4850-A4A0-A0141545BD97}.Debug|Any CPU.ActiveCfg = Debug|Any CPU
		{EDC47C3C-A8BC-4850-A4A0-A0141545BD97}.Debug|Any CPU.Build.0 = Debug|Any CPU
		{EDC47C3C-A8BC-4850-A4A0-A0141545BD97}.Release|Any CPU.ActiveCfg = Release|Any CPU
		{EDC47C3C-A8BC-4850-A4A0-A0141545BD97}.Release|Any CPU.Build.0 = Release|Any CPU
	EndGlobalSection
	GlobalSection(SolutionProperties) = preSolution
		HideSolutionNode = FALSE
	EndGlobalSection
	GlobalSection(ExtensibilityGlobals) = postSolution
		SolutionGuid = {218A8DCE-0C12-42C5-975B-3835E48DFBF3}
	EndGlobalSection
EndGlobal
